
Microsoft Visual Studio Solution File, Format Version 12.00
# Visual Studio Version 16
VisualStudioVersion = 16.0.31702.278
MinimumVisualStudioVersion = 10.0.40219.1
Project("{FAE04EC0-301F-11D3-BF4B-00C04F79EFBC}") = "fromeCommander", "fromeCommander\fromeCommander.csproj", "{3D6B4D41-6469-46ED-838D-3E646AC2114E}"
EndProject
Global
	GlobalSection(SolutionConfigurationPlatforms) = preSolution
		Debug|Any CPU = Debug|Any CPU
		Release|Any CPU = Release|Any CPU
	EndGlobalSection
	GlobalSection(ProjectConfigurationPlatforms) = postSolution
		{3D6B4D41-6469-46ED-838D-3E646AC2114E}.Debug|Any CPU.ActiveCfg = Debug|Any CPU
		{3D6B4D41-6469-46ED-838D-3E646AC2114E}.Debug|Any CPU.Build.0 = Debug|Any CPU
		{3D6B4D41-6469-46ED-838D-3E646AC2114E}.Release|Any CPU.ActiveCfg = Release|Any CPU
		{3D6B4D41-6469-46ED-838D-3E646AC2114E}.Release|Any CPU.Build.0 = Release|Any CPU
	EndGlobalSection
	GlobalSection(SolutionProperties) = preSolution
		HideSolutionNode = FALSE
	EndGlobalSection
	GlobalSection(ExtensibilityGlobals) = postSolution
		SolutionGuid = {963B7CBF-102F-426E-B7BE-3FB56FD18A47}
	EndGlobalSection
EndGlobal
